
Microsoft Visual Studio Solution File, Format Version 12.00
# Visual Studio Version 17
VisualStudioVersion = 17.8.34525.116
MinimumVisualStudioVersion = 10.0.40219.1
Project("{9A19103F-16F7-4668-BE54-9A1E7A4F7556}") = "ALevelBlazorTemplate", "ALevelBlazorTemplate\ALevelBlazorTemplate.csproj", "{B282CD0D-2999-4325-AF70-48CF47F72E23}"
EndProject
Global
	GlobalSection(SolutionConfigurationPlatforms) = preSolution
		Debug|Any CPU = Debug|Any CPU
		Release|Any CPU = Release|Any CPU
	EndGlobalSection
	GlobalSection(ProjectConfigurationPlatforms) = postSolution
		{B282CD0D-2999-4325-AF70-48CF47F72E23}.Debug|Any CPU.ActiveCfg = Debug|Any CPU
		{B282CD0D-2999-4325-AF70-48CF47F72E23}.Debug|Any CPU.Build.0 = Debug|Any CPU
		{B282CD0D-2999-4325-AF70-48CF47F72E23}.Release|Any CPU.ActiveCfg = Release|Any CPU
		{B282CD0D-2999-4325-AF70-48CF47F72E23}.Release|Any CPU.Build.0 = Release|Any CPU
	EndGlobalSection
	GlobalSection(SolutionProperties) = preSolution
		HideSolutionNode = FALSE
	EndGlobalSection
	GlobalSection(ExtensibilityGlobals) = postSolution
		SolutionGuid = {F8E539BF-4546-4037-8920-E527E7022B52}
	EndGlobalSection
EndGlobal
