
Microsoft Visual Studio Solution File, Format Version 12.00
# Visual Studio Version 17
VisualStudioVersion = 17.9.34616.47
MinimumVisualStudioVersion = 10.0.40219.1
Project("{9A19103F-16F7-4668-BE54-9A1E7A4F7556}") = "MyCheeseShop", "MyCheeseShop\MyCheeseShop.csproj", "{C7E09EDF-6015-435F-903A-31A1DD09E7B9}"
EndProject
Global
	GlobalSection(SolutionConfigurationPlatforms) = preSolution
		Debug|Any CPU = Debug|Any CPU
		Release|Any CPU = Release|Any CPU
	EndGlobalSection
	GlobalSection(ProjectConfigurationPlatforms) = postSolution
		{C7E09EDF-6015-435F-903A-31A1DD09E7B9}.Debug|Any CPU.ActiveCfg = Debug|Any CPU
		{C7E09EDF-6015-435F-903A-31A1DD09E7B9}.Debug|Any CPU.Build.0 = Debug|Any CPU
		{C7E09EDF-6015-435F-903A-31A1DD09E7B9}.Release|Any CPU.ActiveCfg = Release|Any CPU
		{C7E09EDF-6015-435F-903A-31A1DD09E7B9}.Release|Any CPU.Build.0 = Release|Any CPU
	EndGlobalSection
	GlobalSection(SolutionProperties) = preSolution
		HideSolutionNode = FALSE
	EndGlobalSection
	GlobalSection(ExtensibilityGlobals) = postSolution
		SolutionGuid = {BB486EE0-9364-49A1-B974-7971B5F126E0}
	EndGlobalSection
EndGlobal
